
Microsoft Visual Studio Solution File, Format Version 12.00
# Visual Studio Version 17
VisualStudioVersion = 17.10.35013.160
MinimumVisualStudioVersion = 10.0.40219.1
Project("{FAE04EC0-301F-11D3-BF4B-00C04F79EFBC}") = "AdoNetDevam", "AdoNetDevam\AdoNetDevam.csproj", "{EE61F541-F71A-4EA5-BA9D-73973004BD99}"
EndProject
Global
	GlobalSection(SolutionConfigurationPlatforms) = preSolution
		Debug|Any CPU = Debug|Any CPU
		Release|Any CPU = Release|Any CPU
	EndGlobalSection
	GlobalSection(ProjectConfigurationPlatforms) = postSolution
		{EE61F541-F71A-4EA5-BA9D-73973004BD99}.Debug|Any CPU.ActiveCfg = Debug|Any CPU
		{EE61F541-F71A-4EA5-BA9D-73973004BD99}.Debug|Any CPU.Build.0 = Debug|Any CPU
		{EE61F541-F71A-4EA5-BA9D-73973004BD99}.Release|Any CPU.ActiveCfg = Release|Any CPU
		{EE61F541-F71A-4EA5-BA9D-73973004BD99}.Release|Any CPU.Build.0 = Release|Any CPU
	EndGlobalSection
	GlobalSection(SolutionProperties) = preSolution
		HideSolutionNode = FALSE
	EndGlobalSection
	GlobalSection(ExtensibilityGlobals) = postSolution
		SolutionGuid = {A07F79F3-36B3-4534-B935-26CF9B2AA5BF}
	EndGlobalSection
EndGlobal
